// !$*UTF8*$!
{
	archiveVersion = 1;
	classes = {
	};
	objectVersion = 77;
	objects = {

/* Begin PBXBuildFile section */
		20ADCE902DBA3E5E00B13C98 /* AlibabacloudBssOpenApi20171214 in Frameworks */ = {isa = PBXBuildFile; productRef = 20ADCE8F2DBA3E5E00B13C98 /* AlibabacloudBssOpenApi20171214 */; };
		20ADCE932DBA3E7A00B13C98 /* SecureDefaults in Frameworks */ = {isa = PBXBuildFile; productRef = 20ADCE922DBA3E7A00B13C98 /* SecureDefaults */; };
		20ADCE9B2DBA3E8200B13C98 /* Aliyun_Credit_PanelApp.swift in Sources */ = {isa = PBXBuildFile; fileRef = 20ADCE972DBA3E8200B13C98 /* Aliyun_Credit_PanelApp.swift */; };
		20ADCE9C2DBA3E8200B13C98 /* ContentView.swift in Sources */ = {isa = PBXBuildFile; fileRef = 20ADCE992DBA3E8200B13C98 /* ContentView.swift */; };
		20ADCE9D2DBA3E8200B13C98 /* Preview Assets.xcassets in Resources */ = {isa = PBXBuildFile; fileRef = 20ADCE942DBA3E8200B13C98 /* Preview Assets.xcassets */; };
		20ADCE9E2DBA3E8200B13C98 /* Assets.xcassets in Resources */ = {isa = PBXBuildFile; fileRef = 20ADCE982DBA3E8200B13C98 /* Assets.xcassets */; };
		20ADCEA12DBA3E8500B13C98 /* Aliyun_Credit_PanelTests.swift in Sources */ = {isa = PBXBuildFile; fileRef = 20ADCE9F2DBA3E8500B13C98 /* Aliyun_Credit_PanelTests.swift */; };
		20ADCEA52DBA3E8600B13C98 /* Aliyun_Credit_PanelUITests.swift in Sources */ = {isa = PBXBuildFile; fileRef = 20ADCEA22DBA3E8600B13C98 /* Aliyun_Credit_PanelUITests.swift */; };
		20ADCEA62DBA3E8600B13C98 /* Aliyun_Credit_PanelUITestsLaunchTests.swift in Sources */ = {isa = PBXBuildFile; fileRef = 20ADCEA32DBA3E8600B13C98 /* Aliyun_Credit_PanelUITestsLaunchTests.swift */; };
		20ADCEAA2DBA3EB200B13C98 /* AliyunClient.swift in Sources */ = {isa = PBXBuildFile; fileRef = 20ADCEA92DBA3EB200B13C98 /* AliyunClient.swift */; };
		20ADCEAC2DBA3FCA00B13C98 /* Settings.swift in Sources */ = {isa = PBXBuildFile; fileRef = 20ADCEAB2DBA3FCA00B13C98 /* Settings.swift */; };
		20ADCEAF2DBA403A00B13C98 /* Extension+SecureDefaults.swift in Sources */ = {isa = PBXBuildFile; fileRef = 20ADCEAE2DBA403A00B13C98 /* Extension+SecureDefaults.swift */; };
		20ADCEB12DBA436F00B13C98 /* Dialogs.swift in Sources */ = {isa = PBXBuildFile; fileRef = 20ADCEB02DBA436F00B13C98 /* Dialogs.swift */; };
		20ADCEB32DBA43A800B13C98 /* Localizable.xcstrings in Resources */ = {isa = PBXBuildFile; fileRef = 20ADCEB22DBA43A800B13C98 /* Localizable.xcstrings */; };
		20ADCEB52DBA452500B13C98 /* Extension+Date.swift in Sources */ = {isa = PBXBuildFile; fileRef = 20ADCEB42DBA452500B13C98 /* Extension+Date.swift */; };
		20ADCEB72DBA473700B13C98 /* Extension+UserDefaults.swift in Sources */ = {isa = PBXBuildFile; fileRef = 20ADCEB62DBA473700B13C98 /* Extension+UserDefaults.swift */; };
		20ADCEB92DBA49C800B13C98 /* AppDelegate.swift in Sources */ = {isa = PBXBuildFile; fileRef = 20ADCEB82DBA49C800B13C98 /* AppDelegate.swift */; };
		20ADCEBB2DBA4A4F00B13C98 /* SettingsView.swift in Sources */ = {isa = PBXBuildFile; fileRef = 20ADCEBA2DBA4A4F00B13C98 /* SettingsView.swift */; };
		20ADCEBE2DBA4B0000B13C98 /* LaunchAtLogin in Frameworks */ = {isa = PBXBuildFile; productRef = 20ADCEBD2DBA4B0000B13C98 /* LaunchAtLogin */; };
		20ADCEC02DBA4EFD00B13C98 /* Extension+View.swift in Sources */ = {isa = PBXBuildFile; fileRef = 20ADCEBF2DBA4EFD00B13C98 /* Extension+View.swift */; };
/* End PBXBuildFile section */

/* Begin PBXContainerItemProxy section */
		20ADCE722DBA3E2000B13C98 /* PBXContainerItemProxy */ = {
			isa = PBXContainerItemProxy;
			containerPortal = 20ADCE582DBA3E1E00B13C98 /* Project object */;
			proxyType = 1;
			remoteGlobalIDString = 20ADCE5F2DBA3E1E00B13C98;
			remoteInfo = "Aliyun Credit Panel";
		};
		20ADCE7C2DBA3E2000B13C98 /* PBXContainerItemProxy */ = {
			isa = PBXContainerItemProxy;
			containerPortal = 20ADCE582DBA3E1E00B13C98 /* Project object */;
			proxyType = 1;
			remoteGlobalIDString = 20ADCE5F2DBA3E1E00B13C98;
			remoteInfo = "Aliyun Credit Panel";
		};
/* End PBXContainerItemProxy section */

/* Begin PBXFileReference section */
		20ADCE602DBA3E1E00B13C98 /* Aliyun Credit Panel.app */ = {isa = PBXFileReference; explicitFileType = wrapper.application; includeInIndex = 0; path = "Aliyun Credit Panel.app"; sourceTree = BUILT_PRODUCTS_DIR; };
		20ADCE712DBA3E2000B13C98 /* Aliyun Credit PanelTests.xctest */ = {isa = PBXFileReference; explicitFileType = wrapper.cfbundle; includeInIndex = 0; path = "Aliyun Credit PanelTests.xctest"; sourceTree = BUILT_PRODUCTS_DIR; };
		20ADCE7B2DBA3E2000B13C98 /* Aliyun Credit PanelUITests.xctest */ = {isa = PBXFileReference; explicitFileType = wrapper.cfbundle; includeInIndex = 0; path = "Aliyun Credit PanelUITests.xctest"; sourceTree = BUILT_PRODUCTS_DIR; };
		20ADCE942DBA3E8200B13C98 /* Preview Assets.xcassets */ = {isa = PBXFileReference; lastKnownFileType = folder.assetcatalog; path = "Preview Assets.xcassets"; sourceTree = "<group>"; };
		20ADCE962DBA3E8200B13C98 /* Aliyun_Credit_Panel.entitlements */ = {isa = PBXFileReference; lastKnownFileType = text.plist.entitlements; path = Aliyun_Credit_Panel.entitlements; sourceTree = "<group>"; };
		20ADCE972DBA3E8200B13C98 /* Aliyun_Credit_PanelApp.swift */ = {isa = PBXFileReference; lastKnownFileType = sourcecode.swift; path = Aliyun_Credit_PanelApp.swift; sourceTree = "<group>"; };
		20ADCE982DBA3E8200B13C98 /* Assets.xcassets */ = {isa = PBXFileReference; lastKnownFileType = folder.assetcatalog; path = Assets.xcassets; sourceTree = "<group>"; };
		20ADCE992DBA3E8200B13C98 /* ContentView.swift */ = {isa = PBXFileReference; lastKnownFileType = sourcecode.swift; path = ContentView.swift; sourceTree = "<group>"; };
		20ADCE9F2DBA3E8500B13C98 /* Aliyun_Credit_PanelTests.swift */ = {isa = PBXFileReference; lastKnownFileType = sourcecode.swift; path = Aliyun_Credit_PanelTests.swift; sourceTree = "<group>"; };
		20ADCEA22DBA3E8600B13C98 /* Aliyun_Credit_PanelUITests.swift */ = {isa = PBXFileReference; lastKnownFileType = sourcecode.swift; path = Aliyun_Credit_PanelUITests.swift; sourceTree = "<group>"; };
		20ADCEA32DBA3E8600B13C98 /* Aliyun_Credit_PanelUITestsLaunchTests.swift */ = {isa = PBXFileReference; lastKnownFileType = sourcecode.swift; path = Aliyun_Credit_PanelUITestsLaunchTests.swift; sourceTree = "<group>"; };
		20ADCEA92DBA3EB200B13C98 /* AliyunClient.swift */ = {isa = PBXFileReference; lastKnownFileType = sourcecode.swift; path = AliyunClient.swift; sourceTree = "<group>"; };
		20ADCEAB2DBA3FCA00B13C98 /* Settings.swift */ = {isa = PBXFileReference; lastKnownFileType = sourcecode.swift; path = Settings.swift; sourceTree = "<group>"; };
		20ADCEAE2DBA403A00B13C98 /* Extension+SecureDefaults.swift */ = {isa = PBXFileReference; lastKnownFileType = sourcecode.swift; path = "Extension+SecureDefaults.swift"; sourceTree = "<group>"; };
		20ADCEB02DBA436F00B13C98 /* Dialogs.swift */ = {isa = PBXFileReference; lastKnownFileType = sourcecode.swift; path = Dialogs.swift; sourceTree = "<group>"; };
		20ADCEB22DBA43A800B13C98 /* Localizable.xcstrings */ = {isa = PBXFileReference; lastKnownFileType = text.json.xcstrings; path = Localizable.xcstrings; sourceTree = "<group>"; };
		20ADCEB42DBA452500B13C98 /* Extension+Date.swift */ = {isa = PBXFileReference; lastKnownFileType = sourcecode.swift; path = "Extension+Date.swift"; sourceTree = "<group>"; };
		20ADCEB62DBA473700B13C98 /* Extension+UserDefaults.swift */ = {isa = PBXFileReference; lastKnownFileType = sourcecode.swift; path = "Extension+UserDefaults.swift"; sourceTree = "<group>"; };
		20ADCEB82DBA49C800B13C98 /* AppDelegate.swift */ = {isa = PBXFileReference; lastKnownFileType = sourcecode.swift; path = AppDelegate.swift; sourceTree = "<group>"; };
		20ADCEBA2DBA4A4F00B13C98 /* SettingsView.swift */ = {isa = PBXFileReference; lastKnownFileType = sourcecode.swift; path = SettingsView.swift; sourceTree = "<group>"; };
		20ADCEBF2DBA4EFD00B13C98 /* Extension+View.swift */ = {isa = PBXFileReference; lastKnownFileType = sourcecode.swift; path = "Extension+View.swift"; sourceTree = "<group>"; };
/* End PBXFileReference section */

/* Begin PBXFrameworksBuildPhase section */
		20ADCE5D2DBA3E1E00B13C98 /* Frameworks */ = {
			isa = PBXFrameworksBuildPhase;
			buildActionMask = 2147483647;
			files = (
				20ADCEBE2DBA4B0000B13C98 /* LaunchAtLogin in Frameworks */,
				20ADCE902DBA3E5E00B13C98 /* AlibabacloudBssOpenApi20171214 in Frameworks */,
				20ADCE932DBA3E7A00B13C98 /* SecureDefaults in Frameworks */,
			);
			runOnlyForDeploymentPostprocessing = 0;
		};
		20ADCE6E2DBA3E2000B13C98 /* Frameworks */ = {
			isa = PBXFrameworksBuildPhase;
			buildActionMask = 2147483647;
			files = (
			);
			runOnlyForDeploymentPostprocessing = 0;
		};
		20ADCE782DBA3E2000B13C98 /* Frameworks */ = {
			isa = PBXFrameworksBuildPhase;
			buildActionMask = 2147483647;
			files = (
			);
			runOnlyForDeploymentPostprocessing = 0;
		};
/* End PBXFrameworksBuildPhase section */

/* Begin PBXGroup section */
		20ADCE572DBA3E1E00B13C98 = {
			isa = PBXGroup;
			children = (
				20ADCE9A2DBA3E8200B13C98 /* Aliyun Credit Panel */,
				20ADCEA02DBA3E8500B13C98 /* Aliyun Credit PanelTests */,
				20ADCEA42DBA3E8600B13C98 /* Aliyun Credit PanelUITests */,
				20ADCE612DBA3E1E00B13C98 /* Products */,
			);
			sourceTree = "<group>";
		};
		20ADCE612DBA3E1E00B13C98 /* Products */ = {
			isa = PBXGroup;
			children = (
				20ADCE602DBA3E1E00B13C98 /* Aliyun Credit Panel.app */,
				20ADCE712DBA3E2000B13C98 /* Aliyun Credit PanelTests.xctest */,
				20ADCE7B2DBA3E2000B13C98 /* Aliyun Credit PanelUITests.xctest */,
			);
			name = Products;
			sourceTree = "<group>";
		};
		20ADCE952DBA3E8200B13C98 /* Preview Content */ = {
			isa = PBXGroup;
			children = (
				20ADCE942DBA3E8200B13C98 /* Preview Assets.xcassets */,
			);
			path = "Preview Content";
			sourceTree = "<group>";
		};
		20ADCE9A2DBA3E8200B13C98 /* Aliyun Credit Panel */ = {
			isa = PBXGroup;
			children = (
				20ADCEB22DBA43A800B13C98 /* Localizable.xcstrings */,
				20ADCE972DBA3E8200B13C98 /* Aliyun_Credit_PanelApp.swift */,
				20ADCEB82DBA49C800B13C98 /* AppDelegate.swift */,
				20ADCEA72DBA3E9D00B13C98 /* Views */,
				20ADCEA82DBA3EA400B13C98 /* Logic */,
				20ADCEAD2DBA402400B13C98 /* Extensions */,
				20ADCE982DBA3E8200B13C98 /* Assets.xcassets */,
				20ADCE962DBA3E8200B13C98 /* Aliyun_Credit_Panel.entitlements */,
				20ADCE952DBA3E8200B13C98 /* Preview Content */,
			);
			path = "Aliyun Credit Panel";
			sourceTree = "<group>";
		};
		20ADCEA02DBA3E8500B13C98 /* Aliyun Credit PanelTests */ = {
			isa = PBXGroup;
			children = (
				20ADCE9F2DBA3E8500B13C98 /* Aliyun_Credit_PanelTests.swift */,
			);
			path = "Aliyun Credit PanelTests";
			sourceTree = "<group>";
		};
		20ADCEA42DBA3E8600B13C98 /* Aliyun Credit PanelUITests */ = {
			isa = PBXGroup;
			children = (
				20ADCEA22DBA3E8600B13C98 /* Aliyun_Credit_PanelUITests.swift */,
				20ADCEA32DBA3E8600B13C98 /* Aliyun_Credit_PanelUITestsLaunchTests.swift */,
			);
			path = "Aliyun Credit PanelUITests";
			sourceTree = "<group>";
		};
		20ADCEA72DBA3E9D00B13C98 /* Views */ = {
			isa = PBXGroup;
			children = (
				20ADCE992DBA3E8200B13C98 /* ContentView.swift */,
				20ADCEBA2DBA4A4F00B13C98 /* SettingsView.swift */,
			);
			path = Views;
			sourceTree = "<group>";
		};
		20ADCEA82DBA3EA400B13C98 /* Logic */ = {
			isa = PBXGroup;
			children = (
				20ADCEA92DBA3EB200B13C98 /* AliyunClient.swift */,
				20ADCEAB2DBA3FCA00B13C98 /* Settings.swift */,
				20ADCEB02DBA436F00B13C98 /* Dialogs.swift */,
			);
			path = Logic;
			sourceTree = "<group>";
		};
		20ADCEAD2DBA402400B13C98 /* Extensions */ = {
			isa = PBXGroup;
			children = (
				20ADCEAE2DBA403A00B13C98 /* Extension+SecureDefaults.swift */,
				20ADCEB42DBA452500B13C98 /* Extension+Date.swift */,
				20ADCEB62DBA473700B13C98 /* Extension+UserDefaults.swift */,
				20ADCEBF2DBA4EFD00B13C98 /* Extension+View.swift */,
			);
			path = Extensions;
			sourceTree = "<group>";
		};
/* End PBXGroup section */

/* Begin PBXNativeTarget section */
		20ADCE5F2DBA3E1E00B13C98 /* Aliyun Credit Panel */ = {
			isa = PBXNativeTarget;
			buildConfigurationList = 20ADCE852DBA3E2000B13C98 /* Build configuration list for PBXNativeTarget "Aliyun Credit Panel" */;
			buildPhases = (
				20ADCE5C2DBA3E1E00B13C98 /* Sources */,
				20ADCE5D2DBA3E1E00B13C98 /* Frameworks */,
				20ADCE5E2DBA3E1E00B13C98 /* Resources */,
			);
			buildRules = (
			);
			dependencies = (
			);
			name = "Aliyun Credit Panel";
			packageProductDependencies = (
				20ADCE8F2DBA3E5E00B13C98 /* AlibabacloudBssOpenApi20171214 */,
				20ADCE922DBA3E7A00B13C98 /* SecureDefaults */,
				20ADCEBD2DBA4B0000B13C98 /* LaunchAtLogin */,
			);
			productName = "Aliyun Credit Panel";
			productReference = 20ADCE602DBA3E1E00B13C98 /* Aliyun Credit Panel.app */;
			productType = "com.apple.product-type.application";
		};
		20ADCE702DBA3E2000B13C98 /* Aliyun Credit PanelTests */ = {
			isa = PBXNativeTarget;
			buildConfigurationList = 20ADCE882DBA3E2000B13C98 /* Build configuration list for PBXNativeTarget "Aliyun Credit PanelTests" */;
			buildPhases = (
				20ADCE6D2DBA3E2000B13C98 /* Sources */,
				20ADCE6E2DBA3E2000B13C98 /* Frameworks */,
				20ADCE6F2DBA3E2000B13C98 /* Resources */,
			);
			buildRules = (
			);
			dependencies = (
				20ADCE732DBA3E2000B13C98 /* PBXTargetDependency */,
			);
			name = "Aliyun Credit PanelTests";
			packageProductDependencies = (
			);
			productName = "Aliyun Credit PanelTests";
			productReference = 20ADCE712DBA3E2000B13C98 /* Aliyun Credit PanelTests.xctest */;
			productType = "com.apple.product-type.bundle.unit-test";
		};
		20ADCE7A2DBA3E2000B13C98 /* Aliyun Credit PanelUITests */ = {
			isa = PBXNativeTarget;
			buildConfigurationList = 20ADCE8B2DBA3E2000B13C98 /* Build configuration list for PBXNativeTarget "Aliyun Credit PanelUITests" */;
			buildPhases = (
				20ADCE772DBA3E2000B13C98 /* Sources */,
				20ADCE782DBA3E2000B13C98 /* Frameworks */,
				20ADCE792DBA3E2000B13C98 /* Resources */,
			);
			buildRules = (
			);
			dependencies = (
				20ADCE7D2DBA3E2000B13C98 /* PBXTargetDependency */,
			);
			name = "Aliyun Credit PanelUITests";
			packageProductDependencies = (
			);
			productName = "Aliyun Credit PanelUITests";
			productReference = 20ADCE7B2DBA3E2000B13C98 /* Aliyun Credit PanelUITests.xctest */;
			productType = "com.apple.product-type.bundle.ui-testing";
		};
/* End PBXNativeTarget section */

/* Begin PBXProject section */
		20ADCE582DBA3E1E00B13C98 /* Project object */ = {
			isa = PBXProject;
			attributes = {
				BuildIndependentTargetsInParallel = 1;
				LastSwiftUpdateCheck = 1620;
				LastUpgradeCheck = 1620;
				TargetAttributes = {
					20ADCE5F2DBA3E1E00B13C98 = {
						CreatedOnToolsVersion = 16.2;
					};
					20ADCE702DBA3E2000B13C98 = {
						CreatedOnToolsVersion = 16.2;
						TestTargetID = 20ADCE5F2DBA3E1E00B13C98;
					};
					20ADCE7A2DBA3E2000B13C98 = {
						CreatedOnToolsVersion = 16.2;
						TestTargetID = 20ADCE5F2DBA3E1E00B13C98;
					};
				};
			};
			buildConfigurationList = 20ADCE5B2DBA3E1E00B13C98 /* Build configuration list for PBXProject "Aliyun Credit Panel" */;
			developmentRegion = en;
			hasScannedForEncodings = 0;
			knownRegions = (
				en,
				Base,
				"zh-Hans",
			);
			mainGroup = 20ADCE572DBA3E1E00B13C98;
			minimizedProjectReferenceProxies = 1;
			packageReferences = (
				20ADCE8E2DBA3E5E00B13C98 /* XCRemoteSwiftPackageReference "bssopenapi-20171214" */,
				20ADCE912DBA3E7A00B13C98 /* XCRemoteSwiftPackageReference "SecureDefaults" */,
				20ADCEBC2DBA4B0000B13C98 /* XCRemoteSwiftPackageReference "LaunchAtLogin-Modern" */,
			);
			preferredProjectObjectVersion = 77;
			productRefGroup = 20ADCE612DBA3E1E00B13C98 /* Products */;
			projectDirPath = "";
			projectRoot = "";
			targets = (
				20ADCE5F2DBA3E1E00B13C98 /* Aliyun Credit Panel */,
				20ADCE702DBA3E2000B13C98 /* Aliyun Credit PanelTests */,
				20ADCE7A2DBA3E2000B13C98 /* Aliyun Credit PanelUITests */,
			);
		};
/* End PBXProject section */

/* Begin PBXResourcesBuildPhase section */
		20ADCE5E2DBA3E1E00B13C98 /* Resources */ = {
			isa = PBXResourcesBuildPhase;
			buildActionMask = 2147483647;
			files = (
				20ADCE9D2DBA3E8200B13C98 /* Preview Assets.xcassets in Resources */,
				20ADCE9E2DBA3E8200B13C98 /* Assets.xcassets in Resources */,
				20ADCEB32DBA43A800B13C98 /* Localizable.xcstrings in Resources */,
			);
			runOnlyForDeploymentPostprocessing = 0;
		};
		20ADCE6F2DBA3E2000B13C98 /* Resources */ = {
			isa = PBXResourcesBuildPhase;
			buildActionMask = 2147483647;
			files = (
			);
			runOnlyForDeploymentPostprocessing = 0;
		};
		20ADCE792DBA3E2000B13C98 /* Resources */ = {
			isa = PBXResourcesBuildPhase;
			buildActionMask = 2147483647;
			files = (
			);
			runOnlyForDeploymentPostprocessing = 0;
		};
/* End PBXResourcesBuildPhase section */

/* Begin PBXSourcesBuildPhase section */
		20ADCE5C2DBA3E1E00B13C98 /* Sources */ = {
			isa = PBXSourcesBuildPhase;
			buildActionMask = 2147483647;
			files = (
				20ADCE9B2DBA3E8200B13C98 /* Aliyun_Credit_PanelApp.swift in Sources */,
				20ADCEAA2DBA3EB200B13C98 /* AliyunClient.swift in Sources */,
				20ADCEAC2DBA3FCA00B13C98 /* Settings.swift in Sources */,
				20ADCEB92DBA49C800B13C98 /* AppDelegate.swift in Sources */,
				20ADCEC02DBA4EFD00B13C98 /* Extension+View.swift in Sources */,
				20ADCEB52DBA452500B13C98 /* Extension+Date.swift in Sources */,
				20ADCEBB2DBA4A4F00B13C98 /* SettingsView.swift in Sources */,
				20ADCEAF2DBA403A00B13C98 /* Extension+SecureDefaults.swift in Sources */,
				20ADCE9C2DBA3E8200B13C98 /* ContentView.swift in Sources */,
				20ADCEB72DBA473700B13C98 /* Extension+UserDefaults.swift in Sources */,
				20ADCEB12DBA436F00B13C98 /* Dialogs.swift in Sources */,
			);
			runOnlyForDeploymentPostprocessing = 0;
		};
		20ADCE6D2DBA3E2000B13C98 /* Sources */ = {
			isa = PBXSourcesBuildPhase;
			buildActionMask = 2147483647;
			files = (
				20ADCEA12DBA3E8500B13C98 /* Aliyun_Credit_PanelTests.swift in Sources */,
			);
			runOnlyForDeploymentPostprocessing = 0;
		};
		20ADCE772DBA3E2000B13C98 /* Sources */ = {
			isa = PBXSourcesBuildPhase;
			buildActionMask = 2147483647;
			files = (
				20ADCEA52DBA3E8600B13C98 /* Aliyun_Credit_PanelUITests.swift in Sources */,
				20ADCEA62DBA3E8600B13C98 /* Aliyun_Credit_PanelUITestsLaunchTests.swift in Sources */,
			);
			runOnlyForDeploymentPostprocessing = 0;
		};
/* End PBXSourcesBuildPhase section */

/* Begin PBXTargetDependency section */
		20ADCE732DBA3E2000B13C98 /* PBXTargetDependency */ = {
			isa = PBXTargetDependency;
			target = 20ADCE5F2DBA3E1E00B13C98 /* Aliyun Credit Panel */;
			targetProxy = 20ADCE722DBA3E2000B13C98 /* PBXContainerItemProxy */;
		};
		20ADCE7D2DBA3E2000B13C98 /* PBXTargetDependency */ = {
			isa = PBXTargetDependency;
			target = 20ADCE5F2DBA3E1E00B13C98 /* Aliyun Credit Panel */;
			targetProxy = 20ADCE7C2DBA3E2000B13C98 /* PBXContainerItemProxy */;
		};
/* End PBXTargetDependency section */

/* Begin XCBuildConfiguration section */
		20ADCE832DBA3E2000B13C98 /* Debug */ = {
			isa = XCBuildConfiguration;
			buildSettings = {
				ALWAYS_SEARCH_USER_PATHS = NO;
				ASSETCATALOG_COMPILER_GENERATE_SWIFT_ASSET_SYMBOL_EXTENSIONS = YES;
				CLANG_ANALYZER_NONNULL = YES;
				CLANG_ANALYZER_NUMBER_OBJECT_CONVERSION = YES_AGGRESSIVE;
				CLANG_CXX_LANGUAGE_STANDARD = "gnu++20";
				CLANG_ENABLE_MODULES = YES;
				CLANG_ENABLE_OBJC_ARC = YES;
				CLANG_ENABLE_OBJC_WEAK = YES;
				CLANG_WARN_BLOCK_CAPTURE_AUTORELEASING = YES;
				CLANG_WARN_BOOL_CONVERSION = YES;
				CLANG_WARN_COMMA = YES;
				CLANG_WARN_CONSTANT_CONVERSION = YES;
				CLANG_WARN_DEPRECATED_OBJC_IMPLEMENTATIONS = YES;
				CLANG_WARN_DIRECT_OBJC_ISA_USAGE = YES_ERROR;
				CLANG_WARN_DOCUMENTATION_COMMENTS = YES;
				CLANG_WARN_EMPTY_BODY = YES;
				CLANG_WARN_ENUM_CONVERSION = YES;
				CLANG_WARN_INFINITE_RECURSION = YES;
				CLANG_WARN_INT_CONVERSION = YES;
				CLANG_WARN_NON_LITERAL_NULL_CONVERSION = YES;
				CLANG_WARN_OBJC_IMPLICIT_RETAIN_SELF = YES;
				CLANG_WARN_OBJC_LITERAL_CONVERSION = YES;
				CLANG_WARN_OBJC_ROOT_CLASS = YES_ERROR;
				CLANG_WARN_QUOTED_INCLUDE_IN_FRAMEWORK_HEADER = YES;
				CLANG_WARN_RANGE_LOOP_ANALYSIS = YES;
				CLANG_WARN_STRICT_PROTOTYPES = YES;
				CLANG_WARN_SUSPICIOUS_MOVE = YES;
				CLANG_WARN_UNGUARDED_AVAILABILITY = YES_AGGRESSIVE;
				CLANG_WARN_UNREACHABLE_CODE = YES;
				CLANG_WARN__DUPLICATE_METHOD_MATCH = YES;
				COPY_PHASE_STRIP = NO;
				DEBUG_INFORMATION_FORMAT = dwarf;
				ENABLE_STRICT_OBJC_MSGSEND = YES;
				ENABLE_TESTABILITY = YES;
				ENABLE_USER_SCRIPT_SANDBOXING = YES;
				GCC_C_LANGUAGE_STANDARD = gnu17;
				GCC_DYNAMIC_NO_PIC = NO;
				GCC_NO_COMMON_BLOCKS = YES;
				GCC_OPTIMIZATION_LEVEL = 0;
				GCC_PREPROCESSOR_DEFINITIONS = (
					"DEBUG=1",
					"$(inherited)",
				);
				GCC_WARN_64_TO_32_BIT_CONVERSION = YES;
				GCC_WARN_ABOUT_RETURN_TYPE = YES_ERROR;
				GCC_WARN_UNDECLARED_SELECTOR = YES;
				GCC_WARN_UNINITIALIZED_AUTOS = YES_AGGRESSIVE;
				GCC_WARN_UNUSED_FUNCTION = YES;
				GCC_WARN_UNUSED_VARIABLE = YES;
				LOCALIZATION_PREFERS_STRING_CATALOGS = YES;
				MACOSX_DEPLOYMENT_TARGET = 15.2;
				MTL_ENABLE_DEBUG_INFO = INCLUDE_SOURCE;
				MTL_FAST_MATH = YES;
				ONLY_ACTIVE_ARCH = YES;
				SDKROOT = macosx;
				SWIFT_ACTIVE_COMPILATION_CONDITIONS = "DEBUG $(inherited)";
				SWIFT_EMIT_LOC_STRINGS = YES;
				SWIFT_OPTIMIZATION_LEVEL = "-Onone";
			};
			name = Debug;
		};
		20ADCE842DBA3E2000B13C98 /* Release */ = {
			isa = XCBuildConfiguration;
			buildSettings = {
				ALWAYS_SEARCH_USER_PATHS = NO;
				ASSETCATALOG_COMPILER_GENERATE_SWIFT_ASSET_SYMBOL_EXTENSIONS = YES;
				CLANG_ANALYZER_NONNULL = YES;
				CLANG_ANALYZER_NUMBER_OBJECT_CONVERSION = YES_AGGRESSIVE;
				CLANG_CXX_LANGUAGE_STANDARD = "gnu++20";
				CLANG_ENABLE_MODULES = YES;
				CLANG_ENABLE_OBJC_ARC = YES;
				CLANG_ENABLE_OBJC_WEAK = YES;
				CLANG_WARN_BLOCK_CAPTURE_AUTORELEASING = YES;
				CLANG_WARN_BOOL_CONVERSION = YES;
				CLANG_WARN_COMMA = YES;
				CLANG_WARN_CONSTANT_CONVERSION = YES;
				CLANG_WARN_DEPRECATED_OBJC_IMPLEMENTATIONS = YES;
				CLANG_WARN_DIRECT_OBJC_ISA_USAGE = YES_ERROR;
				CLANG_WARN_DOCUMENTATION_COMMENTS = YES;
				CLANG_WARN_EMPTY_BODY = YES;
				CLANG_WARN_ENUM_CONVERSION = YES;
				CLANG_WARN_INFINITE_RECURSION = YES;
				CLANG_WARN_INT_CONVERSION = YES;
				CLANG_WARN_NON_LITERAL_NULL_CONVERSION = YES;
				CLANG_WARN_OBJC_IMPLICIT_RETAIN_SELF = YES;
				CLANG_WARN_OBJC_LITERAL_CONVERSION = YES;
				CLANG_WARN_OBJC_ROOT_CLASS = YES_ERROR;
				CLANG_WARN_QUOTED_INCLUDE_IN_FRAMEWORK_HEADER = YES;
				CLANG_WARN_RANGE_LOOP_ANALYSIS = YES;
				CLANG_WARN_STRICT_PROTOTYPES = YES;
				CLANG_WARN_SUSPICIOUS_MOVE = YES;
				CLANG_WARN_UNGUARDED_AVAILABILITY = YES_AGGRESSIVE;
				CLANG_WARN_UNREACHABLE_CODE = YES;
				CLANG_WARN__DUPLICATE_METHOD_MATCH = YES;
				COPY_PHASE_STRIP = NO;
				DEBUG_INFORMATION_FORMAT = "dwarf-with-dsym";
				ENABLE_NS_ASSERTIONS = NO;
				ENABLE_STRICT_OBJC_MSGSEND = YES;
				ENABLE_USER_SCRIPT_SANDBOXING = YES;
				GCC_C_LANGUAGE_STANDARD = gnu17;
				GCC_NO_COMMON_BLOCKS = YES;
				GCC_WARN_64_TO_32_BIT_CONVERSION = YES;
				GCC_WARN_ABOUT_RETURN_TYPE = YES_ERROR;
				GCC_WARN_UNDECLARED_SELECTOR = YES;
				GCC_WARN_UNINITIALIZED_AUTOS = YES_AGGRESSIVE;
				GCC_WARN_UNUSED_FUNCTION = YES;
				GCC_WARN_UNUSED_VARIABLE = YES;
				LOCALIZATION_PREFERS_STRING_CATALOGS = YES;
				MACOSX_DEPLOYMENT_TARGET = 15.2;
				MTL_ENABLE_DEBUG_INFO = NO;
				MTL_FAST_MATH = YES;
				SDKROOT = macosx;
				SWIFT_COMPILATION_MODE = wholemodule;
				SWIFT_EMIT_LOC_STRINGS = YES;
			};
			name = Release;
		};
		20ADCE862DBA3E2000B13C98 /* Debug */ = {
			isa = XCBuildConfiguration;
			buildSettings = {
				ASSETCATALOG_COMPILER_APPICON_NAME = AppIcon;
				ASSETCATALOG_COMPILER_GLOBAL_ACCENT_COLOR_NAME = AccentColor;
				CODE_SIGN_ENTITLEMENTS = "Aliyun Credit Panel/Aliyun_Credit_Panel.entitlements";
				CODE_SIGN_STYLE = Automatic;
				COMBINE_HIDPI_IMAGES = YES;
				CURRENT_PROJECT_VERSION = 1;
				DEVELOPMENT_ASSET_PATHS = "\"Aliyun Credit Panel/Preview Content\"";
				DEVELOPMENT_TEAM = KM2C4ZAVPJ;
				ENABLE_HARDENED_RUNTIME = YES;
				ENABLE_PREVIEWS = YES;
				GENERATE_INFOPLIST_FILE = YES;
				INFOPLIST_KEY_LSUIElement = YES;
				INFOPLIST_KEY_NSHumanReadableCopyright = "";
				LD_RUNPATH_SEARCH_PATHS = (
					"$(inherited)",
					"@executable_path/../Frameworks",
				);
				MACOSX_DEPLOYMENT_TARGET = 14.0;
				MARKETING_VERSION = 1.0;
				PRODUCT_BUNDLE_IDENTIFIER = "com.pattonium.Aliyun-Credit-Panel";
				PRODUCT_NAME = "$(TARGET_NAME)";
				SWIFT_EMIT_LOC_STRINGS = YES;
				SWIFT_VERSION = 5.0;
			};
			name = Debug;
		};
		20ADCE872DBA3E2000B13C98 /* Release */ = {
			isa = XCBuildConfiguration;
			buildSettings = {
				ASSETCATALOG_COMPILER_APPICON_NAME = AppIcon;
				ASSETCATALOG_COMPILER_GLOBAL_ACCENT_COLOR_NAME = AccentColor;
				CODE_SIGN_ENTITLEMENTS = "Aliyun Credit Panel/Aliyun_Credit_Panel.entitlements";
				CODE_SIGN_STYLE = Automatic;
				COMBINE_HIDPI_IMAGES = YES;
				CURRENT_PROJECT_VERSION = 1;
				DEVELOPMENT_ASSET_PATHS = "\"Aliyun Credit Panel/Preview Content\"";
				DEVELOPMENT_TEAM = KM2C4ZAVPJ;
				ENABLE_HARDENED_RUNTIME = YES;
				ENABLE_PREVIEWS = YES;
				GENERATE_INFOPLIST_FILE = YES;
				INFOPLIST_KEY_LSUIElement = YES;
				INFOPLIST_KEY_NSHumanReadableCopyright = "";
				LD_RUNPATH_SEARCH_PATHS = (
					"$(inherited)",
					"@executable_path/../Frameworks",
				);
				MACOSX_DEPLOYMENT_TARGET = 14.0;
				MARKETING_VERSION = 1.0;
				PRODUCT_BUNDLE_IDENTIFIER = "com.pattonium.Aliyun-Credit-Panel";
				PRODUCT_NAME = "$(TARGET_NAME)";
				SWIFT_EMIT_LOC_STRINGS = YES;
				SWIFT_VERSION = 5.0;
			};
			name = Release;
		};
		20ADCE892DBA3E2000B13C98 /* Debug */ = {
			isa = XCBuildConfiguration;
			buildSettings = {
				BUNDLE_LOADER = "$(TEST_HOST)";
				CODE_SIGN_STYLE = Automatic;
				CURRENT_PROJECT_VERSION = 1;
				DEVELOPMENT_TEAM = KM2C4ZAVPJ;
				GENERATE_INFOPLIST_FILE = YES;
				MACOSX_DEPLOYMENT_TARGET = 15.2;
				MARKETING_VERSION = 1.0;
				PRODUCT_BUNDLE_IDENTIFIER = "com.pattonium.Aliyun-Credit-PanelTests";
				PRODUCT_NAME = "$(TARGET_NAME)";
				SWIFT_EMIT_LOC_STRINGS = NO;
				SWIFT_VERSION = 5.0;
				TEST_HOST = "$(BUILT_PRODUCTS_DIR)/Aliyun Credit Panel.app/$(BUNDLE_EXECUTABLE_FOLDER_PATH)/Aliyun Credit Panel";
			};
			name = Debug;
		};
		20ADCE8A2DBA3E2000B13C98 /* Release */ = {
			isa = XCBuildConfiguration;
			buildSettings = {
				BUNDLE_LOADER = "$(TEST_HOST)";
				CODE_SIGN_STYLE = Automatic;
				CURRENT_PROJECT_VERSION = 1;
				DEVELOPMENT_TEAM = KM2C4ZAVPJ;
				GENERATE_INFOPLIST_FILE = YES;
				MACOSX_DEPLOYMENT_TARGET = 15.2;
				MARKETING_VERSION = 1.0;
				PRODUCT_BUNDLE_IDENTIFIER = "com.pattonium.Aliyun-Credit-PanelTests";
				PRODUCT_NAME = "$(TARGET_NAME)";
				SWIFT_EMIT_LOC_STRINGS = NO;
				SWIFT_VERSION = 5.0;
				TEST_HOST = "$(BUILT_PRODUCTS_DIR)/Aliyun Credit Panel.app/$(BUNDLE_EXECUTABLE_FOLDER_PATH)/Aliyun Credit Panel";
			};
			name = Release;
		};
		20ADCE8C2DBA3E2000B13C98 /* Debug */ = {
			isa = XCBuildConfiguration;
			buildSettings = {
				CODE_SIGN_STYLE = Automatic;
				CURRENT_PROJECT_VERSION = 1;
				DEVELOPMENT_TEAM = KM2C4ZAVPJ;
				GENERATE_INFOPLIST_FILE = YES;
				MARKETING_VERSION = 1.0;
				PRODUCT_BUNDLE_IDENTIFIER = "com.pattonium.Aliyun-Credit-PanelUITests";
				PRODUCT_NAME = "$(TARGET_NAME)";
				SWIFT_EMIT_LOC_STRINGS = NO;
				SWIFT_VERSION = 5.0;
				TEST_TARGET_NAME = "Aliyun Credit Panel";
			};
			name = Debug;
		};
		20ADCE8D2DBA3E2000B13C98 /* Release */ = {
			isa = XCBuildConfiguration;
			buildSettings = {
				CODE_SIGN_STYLE = Automatic;
				CURRENT_PROJECT_VERSION = 1;
				DEVELOPMENT_TEAM = KM2C4ZAVPJ;
				GENERATE_INFOPLIST_FILE = YES;
				MARKETING_VERSION = 1.0;
				PRODUCT_BUNDLE_IDENTIFIER = "com.pattonium.Aliyun-Credit-PanelUITests";
				PRODUCT_NAME = "$(TARGET_NAME)";
				SWIFT_EMIT_LOC_STRINGS = NO;
				SWIFT_VERSION = 5.0;
				TEST_TARGET_NAME = "Aliyun Credit Panel";
			};
			name = Release;
		};
/* End XCBuildConfiguration section */

/* Begin XCConfigurationList section */
		20ADCE5B2DBA3E1E00B13C98 /* Build configuration list for PBXProject "Aliyun Credit Panel" */ = {
			isa = XCConfigurationList;
			buildConfigurations = (
				20ADCE832DBA3E2000B13C98 /* Debug */,
				20ADCE842DBA3E2000B13C98 /* Release */,
			);
			defaultConfigurationIsVisible = 0;
			defaultConfigurationName = Release;
		};
		20ADCE852DBA3E2000B13C98 /* Build configuration list for PBXNativeTarget "Aliyun Credit Panel" */ = {
			isa = XCConfigurationList;
			buildConfigurations = (
				20ADCE862DBA3E2000B13C98 /* Debug */,
				20ADCE872DBA3E2000B13C98 /* Release */,
			);
			defaultConfigurationIsVisible = 0;
			defaultConfigurationName = Release;
		};
		20ADCE882DBA3E2000B13C98 /* Build configuration list for PBXNativeTarget "Aliyun Credit PanelTests" */ = {
			isa = XCConfigurationList;
			buildConfigurations = (
				20ADCE892DBA3E2000B13C98 /* Debug */,
				20ADCE8A2DBA3E2000B13C98 /* Release */,
			);
			defaultConfigurationIsVisible = 0;
			defaultConfigurationName = Release;
		};
		20ADCE8B2DBA3E2000B13C98 /* Build configuration list for PBXNativeTarget "Aliyun Credit PanelUITests" */ = {
			isa = XCConfigurationList;
			buildConfigurations = (
				20ADCE8C2DBA3E2000B13C98 /* Debug */,
				20ADCE8D2DBA3E2000B13C98 /* Release */,
			);
			defaultConfigurationIsVisible = 0;
			defaultConfigurationName = Release;
		};
/* End XCConfigurationList section */

/* Begin XCRemoteSwiftPackageReference section */
		20ADCE8E2DBA3E5E00B13C98 /* XCRemoteSwiftPackageReference "bssopenapi-20171214" */ = {
			isa = XCRemoteSwiftPackageReference;
			repositoryURL = "https://github.com/alibabacloud-sdk-swift/bssopenapi-20171214/";
			requirement = {
				kind = upToNextMajorVersion;
				minimumVersion = 4.0.0;
			};
		};
		20ADCE912DBA3E7A00B13C98 /* XCRemoteSwiftPackageReference "SecureDefaults" */ = {
			isa = XCRemoteSwiftPackageReference;
			repositoryURL = "https://github.com/vpeschenkov/SecureDefaults";
			requirement = {
				kind = upToNextMajorVersion;
				minimumVersion = 1.2.2;
			};
		};
		20ADCEBC2DBA4B0000B13C98 /* XCRemoteSwiftPackageReference "LaunchAtLogin-Modern" */ = {
			isa = XCRemoteSwiftPackageReference;
			repositoryURL = "https://github.com/sindresorhus/LaunchAtLogin-Modern";
			requirement = {
				branch = main;
				kind = branch;
			};
		};
/* End XCRemoteSwiftPackageReference section */

/* Begin XCSwiftPackageProductDependency section */
		20ADCE8F2DBA3E5E00B13C98 /* AlibabacloudBssOpenApi20171214 */ = {
			isa = XCSwiftPackageProductDependency;
			package = 20ADCE8E2DBA3E5E00B13C98 /* XCRemoteSwiftPackageReference "bssopenapi-20171214" */;
			productName = AlibabacloudBssOpenApi20171214;
		};
		20ADCE922DBA3E7A00B13C98 /* SecureDefaults */ = {
			isa = XCSwiftPackageProductDependency;
			package = 20ADCE912DBA3E7A00B13C98 /* XCRemoteSwiftPackageReference "SecureDefaults" */;
			productName = SecureDefaults;
		};
		20ADCEBD2DBA4B0000B13C98 /* LaunchAtLogin */ = {
			isa = XCSwiftPackageProductDependency;
			package = 20ADCEBC2DBA4B0000B13C98 /* XCRemoteSwiftPackageReference "LaunchAtLogin-Modern" */;
			productName = LaunchAtLogin;
		};
/* End XCSwiftPackageProductDependency section */
	};
	rootObject = 20ADCE582DBA3E1E00B13C98 /* Project object */;
}
